
Microsoft Visual Studio Solution File, Format Version 12.00
# Visual Studio Version 16
VisualStudioVersion = 16.0.29424.173
MinimumVisualStudioVersion = 10.0.40219.1
Project("{9A19103F-16F7-4668-BE54-9A1E7A4F7556}") = "CryptoLib", "CryptoLib\CryptoLib.csproj", "{47FA6B25-FB04-4E88-A66D-5C6CEDAE89E7}"
EndProject
Project("{FAE04EC0-301F-11D3-BF4B-00C04F79EFBC}") = "CryptoDemo", "CryptoDemo\CryptoDemo.csproj", "{3E8298BF-7F90-41C1-841E-B3E706F0DF3E}"
EndProject
Global
	GlobalSection(SolutionConfigurationPlatforms) = preSolution
		Debug|Any CPU = Debug|Any CPU
		Release|Any CPU = Release|Any CPU
	EndGlobalSection
	GlobalSection(ProjectConfigurationPlatforms) = postSolution
		{47FA6B25-FB04-4E88-A66D-5C6CEDAE89E7}.Debug|Any CPU.ActiveCfg = Debug|Any CPU
		{47FA6B25-FB04-4E88-A66D-5C6CEDAE89E7}.Debug|Any CPU.Build.0 = Debug|Any CPU
		{47FA6B25-FB04-4E88-A66D-5C6CEDAE89E7}.Release|Any CPU.ActiveCfg = Release|Any CPU
		{47FA6B25-FB04-4E88-A66D-5C6CEDAE89E7}.Release|Any CPU.Build.0 = Release|Any CPU
		{3E8298BF-7F90-41C1-841E-B3E706F0DF3E}.Debug|Any CPU.ActiveCfg = Debug|Any CPU
		{3E8298BF-7F90-41C1-841E-B3E706F0DF3E}.Debug|Any CPU.Build.0 = Debug|Any CPU
		{3E8298BF-7F90-41C1-841E-B3E706F0DF3E}.Release|Any CPU.ActiveCfg = Release|Any CPU
		{3E8298BF-7F90-41C1-841E-B3E706F0DF3E}.Release|Any CPU.Build.0 = Release|Any CPU
	EndGlobalSection
	GlobalSection(SolutionProperties) = preSolution
		HideSolutionNode = FALSE
	EndGlobalSection
	GlobalSection(ExtensibilityGlobals) = postSolution
		SolutionGuid = {C936DA87-F1A4-4634-A431-EBD4D0FE4939}
	EndGlobalSection
EndGlobal
